{
    "_readme": [
        "This file locks the dependencies of your project to a known state",
        "Read more about it at https://getcomposer.org/doc/01-basic-usage.md#installing-dependencies",
        "This file is @generated automatically"
    ],
    "content-hash": "6a74bb14a6211df5b00f3fe47638a981",
    "packages": [
        {
            "name": "brick/math",
            "version": "0.8.15",
            "source": {
                "type": "git",
                "url": "https://github.com/brick/math.git",
                "reference": "9b08d412b9da9455b210459ff71414de7e6241cd"
            },
            "dist": {
                "type": "zip",
                "url": "https://api.github.com/repos/brick/math/zipball/9b08d412b9da9455b210459ff71414de7e6241cd",
                "reference": "9b08d412b9da9455b210459ff71414de7e6241cd",
                "shasum": ""
            },
            "require": {
                "ext-json": "*",
                "php": "^7.1|^8.0"
            },
            "require-dev": {
                "php-coveralls/php-coveralls": "^2.2",
                "phpunit/phpunit": "^7.5.15|^8.5",
                "vimeo/psalm": "^3.5"
            },
            "type": "library",
            "autoload": {
                "psr-4": {
                    "Brick\\Math\\": "src/"
                }
            },
            "notification-url": "https://packagist.org/downloads/",
            "license": [
                "MIT"
            ],
            "description": "Arbitrary-precision arithmetic library",
            "keywords": [
                "Arbitrary-precision",
                "BigInteger",
                "BigRational",
                "arithmetic",
                "bigdecimal",
                "bignum",
                "brick",
                "math"
            ],
            "time": "2020-04-15T15:59:35+00:00"
        },
        {
            "name": "danielstjules/stringy",
            "version": "2.4.0",
            "source": {
                "type": "git",
                "url": "https://github.com/danielstjules/Stringy.git",
                "reference": "edbda419cbe4bcc3cb200b7c9811cb6597bf058b"
            },
            "dist": {
                "type": "zip",
                "url": "https://api.github.com/repos/danielstjules/Stringy/zipball/edbda419cbe4bcc3cb200b7c9811cb6597bf058b",
                "reference": "edbda419cbe4bcc3cb200b7c9811cb6597bf058b",
                "shasum": ""
            },
            "require": {
                "php": ">=5.3.0",
                "symfony/polyfill-mbstring": "~1.1"
            },
            "require-dev": {
                "phpunit/phpunit": "~4.0"
            },
            "type": "library",
            "autoload": {
                "psr-4": {
                    "Stringy\\": "src/"
                },
                "files": [
                    "src/Create.php"
                ]
            },
            "notification-url": "https://packagist.org/downloads/",
            "license": [
                "MIT"
            ],
            "authors": [
                {
                    "name": "Daniel St. Jules",
                    "email": "danielst.jules@gmail.com",
                    "homepage": "http://www.danielstjules.com"
                }
            ],
            "description": "A string manipulation library with multibyte support",
            "homepage": "https://github.com/danielstjules/Stringy",
            "keywords": [
                "UTF",
                "helpers",
                "manipulation",
                "methods",
                "multibyte",
                "string",
                "utf-8",
                "utility",
                "utils"
            ],
            "time": "2017-03-02T20:43:29+00:00"
        },
        {
            "name": "ivome/graphql-relay-php",
            "version": "v0.5.0",
            "source": {
                "type": "git",
                "url": "https://github.com/ivome/graphql-relay-php.git",
                "reference": "b227c17e79564d147db2162329f5bdbe19192313"
            },
            "dist": {
                "type": "zip",
                "url": "https://api.github.com/repos/ivome/graphql-relay-php/zipball/b227c17e79564d147db2162329f5bdbe19192313",
                "reference": "b227c17e79564d147db2162329f5bdbe19192313",
                "shasum": ""
            },
            "require": {
                "php": ">=5.4,<8.0-DEV",
                "webonyx/graphql-php": ">=0.7.0"
            },
            "require-dev": {
                "phpunit/phpunit": "^4.8",
                "satooshi/php-coveralls": "~1.0"
            },
            "type": "library",
            "autoload": {
                "classmap": [
                    "src/"
                ]
            },
            "notification-url": "https://packagist.org/downloads/",
            "license": [
                "BSD-3-Clause"
            ],
            "description": "A PHP port of GraphQL Relay reference implementation",
            "homepage": "https://github.com/ivome/graphql-relay-php",
            "keywords": [
                "Relay",
                "api",
                "graphql"
            ],
            "time": "2018-05-10T20:18:11+00:00"
        },
        {
            "name": "mohiohio/wordpress-lib",
            "version": "0.1.5",
            "source": {
                "type": "git",
                "url": "https://github.com/Mohiohio/wordpress-lib.git",
                "reference": "10ff55bc02a1e48c3e53a8a80bd5a0f3d14736af"
            },
            "dist": {
                "type": "zip",
                "url": "https://api.github.com/repos/Mohiohio/wordpress-lib/zipball/10ff55bc02a1e48c3e53a8a80bd5a0f3d14736af",
                "reference": "10ff55bc02a1e48c3e53a8a80bd5a0f3d14736af",
                "shasum": ""
            },
            "require": {
                "php": ">=5.5.0"
            },
            "type": "library",
            "autoload": {
                "psr-4": {
                    "Mohiohio\\WordPress\\": "src/"
                }
            },
            "notification-url": "https://packagist.org/downloads/",
            "license": [
                "GPLv3"
            ],
            "authors": [
                {
                    "name": "Tim Field",
                    "email": "field.tim@gmail.com",
                    "role": "Developer"
                }
            ],
            "description": "WordPress Utilities",
            "homepage": "http://www.mohiohio.com",
            "keywords": [
                "library",
                "php",
                "wordpress"
            ],
            "time": "2017-09-21T00:48:00+00:00"
        },
        {
            "name": "ramsey/collection",
            "version": "1.0.1",
            "source": {
                "type": "git",
                "url": "https://github.com/ramsey/collection.git",
                "reference": "925ad8cf55ba7a3fc92e332c58fd0478ace3e1ca"
            },
            "dist": {
                "type": "zip",
                "url": "https://api.github.com/repos/ramsey/collection/zipball/925ad8cf55ba7a3fc92e332c58fd0478ace3e1ca",
                "reference": "925ad8cf55ba7a3fc92e332c58fd0478ace3e1ca",
                "shasum": ""
            },
            "require": {
                "php": "^7.2"
            },
            "require-dev": {
                "dealerdirect/phpcodesniffer-composer-installer": "^0.5.0",
                "fzaninotto/faker": "^1.5",
                "jakub-onderka/php-parallel-lint": "^1",
                "jangregor/phpstan-prophecy": "^0.6",
                "mockery/mockery": "^1.3",
                "phpstan/extension-installer": "^1",
                "phpstan/phpdoc-parser": "0.4.1",
                "phpstan/phpstan": "^0.12",
                "phpstan/phpstan-mockery": "^0.12",
                "phpstan/phpstan-phpunit": "^0.12",
                "phpunit/phpunit": "^8.5",
                "slevomat/coding-standard": "^6.0",
                "squizlabs/php_codesniffer": "^3.5"
            },
            "type": "library",
            "autoload": {
                "psr-4": {
                    "Ramsey\\Collection\\": "src/"
                }
            },
            "notification-url": "https://packagist.org/downloads/",
            "license": [
                "MIT"
            ],
            "authors": [
                {
                    "name": "Ben Ramsey",
                    "email": "ben@benramsey.com",
                    "homepage": "https://benramsey.com"
                }
            ],
            "description": "A PHP 7.2+ library for representing and manipulating collections.",
            "homepage": "https://github.com/ramsey/collection",
            "keywords": [
                "array",
                "collection",
                "hash",
                "map",
                "queue",
                "set"
            ],
            "time": "2020-01-05T00:22:59+00:00"
        },
        {
            "name": "ramsey/uuid",
            "version": "4.0.1",
            "source": {
                "type": "git",
                "url": "https://github.com/ramsey/uuid.git",
                "reference": "ba8fff1d3abb8bb4d35a135ed22a31c6ef3ede3d"
            },
            "dist": {
                "type": "zip",
                "url": "https://api.github.com/repos/ramsey/uuid/zipball/ba8fff1d3abb8bb4d35a135ed22a31c6ef3ede3d",
                "reference": "ba8fff1d3abb8bb4d35a135ed22a31c6ef3ede3d",
                "shasum": ""
            },
            "require": {
                "brick/math": "^0.8",
                "ext-json": "*",
                "php": "^7.2 || ^8",
                "ramsey/collection": "^1.0",
                "symfony/polyfill-ctype": "^1.8"
            },
            "replace": {
                "rhumsaa/uuid": "self.version"
            },
            "require-dev": {
                "codeception/aspect-mock": "^3",
                "dealerdirect/phpcodesniffer-composer-installer": "^0.6.2",
                "doctrine/annotations": "^1.8",
                "goaop/framework": "^2",
                "mockery/mockery": "^1.3",
                "moontoast/math": "^1.1",
                "paragonie/random-lib": "^2",
                "php-mock/php-mock-mockery": "^1.3",
                "php-mock/php-mock-phpunit": "^2.5",
                "php-parallel-lint/php-parallel-lint": "^1.1",
                "phpstan/extension-installer": "^1.0",
                "phpstan/phpdoc-parser": "0.4.3",
                "phpstan/phpstan": "^0.12",
                "phpstan/phpstan-mockery": "^0.12",
                "phpstan/phpstan-phpunit": "^0.12",
                "phpunit/phpunit": "^8.5",
                "psy/psysh": "^0.10.0",
                "slevomat/coding-standard": "^6.0",
                "squizlabs/php_codesniffer": "^3.5",
                "vimeo/psalm": "3.9.4"
            },
            "suggest": {
                "ext-bcmath": "Enables faster math with arbitrary-precision integers using BCMath.",
                "ext-ctype": "Enables faster processing of character classification using ctype functions.",
                "ext-gmp": "Enables faster math with arbitrary-precision integers using GMP.",
                "ext-uuid": "Enables the use of PeclUuidTimeGenerator and PeclUuidRandomGenerator.",
                "paragonie/random-lib": "Provides RandomLib for use with the RandomLibAdapter",
                "ramsey/uuid-doctrine": "Allows the use of Ramsey\\Uuid\\Uuid as Doctrine field type."
            },
            "type": "library",
            "extra": {
                "branch-alias": {
                    "dev-master": "4.x-dev"
                }
            },
            "autoload": {
                "psr-4": {
                    "Ramsey\\Uuid\\": "src/"
                },
                "files": [
                    "src/functions.php"
                ]
            },
            "notification-url": "https://packagist.org/downloads/",
            "license": [
                "MIT"
            ],
            "description": "A PHP library for generating and working with universally unique identifiers (UUIDs).",
            "homepage": "https://github.com/ramsey/uuid",
            "keywords": [
                "guid",
                "identifier",
                "uuid"
            ],
            "time": "2020-03-29T20:13:32+00:00"
        },
        {
            "name": "rbdwllr/reallysimplejwt",
            "version": "3.0.2",
            "source": {
                "type": "git",
                "url": "https://github.com/RobDWaller/ReallySimpleJWT.git",
                "reference": "a85514e5873e9dd63c40227bfdfbe174a7dbb845"
            },
            "dist": {
                "type": "zip",
                "url": "https://api.github.com/repos/RobDWaller/ReallySimpleJWT/zipball/a85514e5873e9dd63c40227bfdfbe174a7dbb845",
                "reference": "a85514e5873e9dd63c40227bfdfbe174a7dbb845",
                "shasum": ""
            },
            "require": {
                "php": ">=7.2.0"
            },
            "require-dev": {
                "infection/infection": "^0.14",
                "phpbench/phpbench": "^0.16",
                "phploc/phploc": "^5.0",
                "phpmd/phpmd": "^2.7",
                "phpstan/phpstan": "^0.11",
                "phpunit/phpunit": "^8.0",
                "sebastian/phpcpd": "^4.1",
                "squizlabs/php_codesniffer": "^3.0"
            },
            "type": "library",
            "autoload": {
                "psr-4": {
                    "ReallySimpleJWT\\": "src",
                    "Tests\\": "tests",
                    "Benchmarks\\": "benchmarks"
                }
            },
            "notification-url": "https://packagist.org/downloads/",
            "license": [
                "MIT"
            ],
            "authors": [
                {
                    "name": "Rob Waller",
                    "email": "rdwaller1984@gmail.com"
                }
            ],
            "description": "A really simple library to generate user authentication JSON Web Tokens.",
            "keywords": [
                "Authentication",
                "json",
                "json web tokens",
                "jwt",
                "php",
                "tokens"
            ],
            "time": "2020-04-01T15:12:32+00:00"
        },
        {
            "name": "symfony/polyfill-ctype",
            "version": "v1.15.0",
            "source": {
                "type": "git",
                "url": "https://github.com/symfony/polyfill-ctype.git",
                "reference": "4719fa9c18b0464d399f1a63bf624b42b6fa8d14"
            },
            "dist": {
                "type": "zip",
                "url": "https://api.github.com/repos/symfony/polyfill-ctype/zipball/4719fa9c18b0464d399f1a63bf624b42b6fa8d14",
                "reference": "4719fa9c18b0464d399f1a63bf624b42b6fa8d14",
                "shasum": ""
            },
            "require": {
                "php": ">=5.3.3"
            },
            "suggest": {
                "ext-ctype": "For best performance"
            },
            "type": "library",
            "extra": {
                "branch-alias": {
                    "dev-master": "1.15-dev"
                }
            },
            "autoload": {
                "psr-4": {
                    "Symfony\\Polyfill\\Ctype\\": ""
                },
                "files": [
                    "bootstrap.php"
                ]
            },
            "notification-url": "https://packagist.org/downloads/",
            "license": [
                "MIT"
            ],
            "authors": [
                {
                    "name": "Gert de Pagter",
                    "email": "BackEndTea@gmail.com"
                },
                {
                    "name": "Symfony Community",
                    "homepage": "https://symfony.com/contributors"
                }
            ],
            "description": "Symfony polyfill for ctype functions",
            "homepage": "https://symfony.com",
            "keywords": [
                "compatibility",
                "ctype",
                "polyfill",
                "portable"
            ],
            "time": "2020-02-27T09:26:54+00:00"
        },
        {
            "name": "symfony/polyfill-mbstring",
            "version": "v1.15.0",
            "source": {
                "type": "git",
                "url": "https://github.com/symfony/polyfill-mbstring.git",
                "reference": "81ffd3a9c6d707be22e3012b827de1c9775fc5ac"
            },
            "dist": {
                "type": "zip",
                "url": "https://api.github.com/repos/symfony/polyfill-mbstring/zipball/81ffd3a9c6d707be22e3012b827de1c9775fc5ac",
                "reference": "81ffd3a9c6d707be22e3012b827de1c9775fc5ac",
                "shasum": ""
            },
            "require": {
                "php": ">=5.3.3"
            },
            "suggest": {
                "ext-mbstring": "For best performance"
            },
            "type": "library",
            "extra": {
                "branch-alias": {
                    "dev-master": "1.15-dev"
                }
            },
            "autoload": {
                "psr-4": {
                    "Symfony\\Polyfill\\Mbstring\\": ""
                },
                "files": [
                    "bootstrap.php"
                ]
            },
            "notification-url": "https://packagist.org/downloads/",
            "license": [
                "MIT"
            ],
            "authors": [
                {
                    "name": "Nicolas Grekas",
                    "email": "p@tchwork.com"
                },
                {
                    "name": "Symfony Community",
                    "homepage": "https://symfony.com/contributors"
                }
            ],
            "description": "Symfony polyfill for the Mbstring extension",
            "homepage": "https://symfony.com",
            "keywords": [
                "compatibility",
                "mbstring",
                "polyfill",
                "portable",
                "shim"
            ],
            "time": "2020-03-09T19:04:49+00:00"
        },
        {
            "name": "webonyx/graphql-php",
            "version": "v0.13.8",
            "source": {
                "type": "git",
                "url": "https://github.com/webonyx/graphql-php.git",
                "reference": "6829ae58f4c59121df1f86915fb9917a2ec595e8"
            },
            "dist": {
                "type": "zip",
                "url": "https://api.github.com/repos/webonyx/graphql-php/zipball/6829ae58f4c59121df1f86915fb9917a2ec595e8",
                "reference": "6829ae58f4c59121df1f86915fb9917a2ec595e8",
                "shasum": ""
            },
            "require": {
                "ext-json": "*",
                "ext-mbstring": "*",
                "php": "^7.1||^8.0"
            },
            "require-dev": {
                "doctrine/coding-standard": "^6.0",
                "phpbench/phpbench": "^0.14.0",
                "phpstan/phpstan": "^0.11.4",
                "phpstan/phpstan-phpunit": "^0.11.0",
                "phpstan/phpstan-strict-rules": "^0.11.0",
                "phpunit/phpcov": "^5.0",
                "phpunit/phpunit": "^7.2",
                "psr/http-message": "^1.0",
                "react/promise": "2.*"
            },
            "suggest": {
                "psr/http-message": "To use standard GraphQL server",
                "react/promise": "To leverage async resolving on React PHP platform"
            },
            "type": "library",
            "autoload": {
                "psr-4": {
                    "GraphQL\\": "src/"
                }
            },
            "notification-url": "https://packagist.org/downloads/",
            "license": [
                "MIT"
            ],
            "description": "A PHP port of GraphQL reference implementation",
            "homepage": "https://github.com/webonyx/graphql-php",
            "keywords": [
                "api",
                "graphql"
            ],
            "time": "2019-08-25T10:32:47+00:00"
        }
    ],
    "packages-dev": [
        {
            "name": "analog/analog",
            "version": "1.0.15-stable",
            "source": {
                "type": "git",
                "url": "https://github.com/jbroadway/analog.git",
                "reference": "4ad01a74e2c4892a2ecf41afeb9af88c074df7fd"
            },
            "dist": {
                "type": "zip",
                "url": "https://api.github.com/repos/jbroadway/analog/zipball/4ad01a74e2c4892a2ecf41afeb9af88c074df7fd",
                "reference": "4ad01a74e2c4892a2ecf41afeb9af88c074df7fd",
                "shasum": ""
            },
            "require": {
                "php": ">=5.3.2",
                "psr/log": "1.*"
            },
            "require-dev": {
                "phpunit/phpunit": "^4.8.36 || ^5.7 || ^6.5"
            },
            "type": "library",
            "autoload": {
                "psr-0": {
                    "Analog": "lib/"
                }
            },
            "notification-url": "https://packagist.org/downloads/",
            "license": [
                "MIT"
            ],
            "authors": [
                {
                    "name": "Johnny Broadway",
                    "email": "johnny@johnnybroadway.com",
                    "homepage": "http://www.johnnybroadway.com/"
                }
            ],
            "description": "Fast, flexible, and easy PHP logging class with over 20 log handlers, supports PSR-3, and can also be extended via closures.",
            "homepage": "https://github.com/jbroadway/analog",
            "keywords": [
                "alerts",
                "debug",
                "debugging",
                "error",
                "log",
                "logger",
                "logging",
                "syslog"
            ],
            "time": "2020-03-30T14:01:20+00:00"
        },
        {
            "name": "php-stubs/wordpress-stubs",
            "version": "v5.4.0",
            "source": {
                "type": "git",
                "url": "https://github.com/php-stubs/wordpress-stubs.git",
                "reference": "baab62405f6a6ac9b25ed3fe6df371d090f9bc0c"
            },
            "dist": {
                "type": "zip",
                "url": "https://api.github.com/repos/php-stubs/wordpress-stubs/zipball/baab62405f6a6ac9b25ed3fe6df371d090f9bc0c",
                "reference": "baab62405f6a6ac9b25ed3fe6df371d090f9bc0c",
                "shasum": ""
            },
            "replace": {
                "giacocorsiglia/wordpress-stubs": "*"
            },
            "require-dev": {
                "giacocorsiglia/stubs-generator": "^0.5.0",
                "php": "~7.1"
            },
            "suggest": {
                "paragonie/sodium_compat": "Pure PHP implementation of libsodium",
                "symfony/polyfill-php73": "Symfony polyfill backporting some PHP 7.3+ features to lower PHP versions",
                "szepeviktor/phpstan-wordpress": "WordPress extensions for PHPStan"
            },
            "type": "library",
            "notification-url": "https://packagist.org/downloads/",
            "license": [
                "MIT"
            ],
            "description": "WordPress function and class declaration stubs for static analysis.",
            "homepage": "https://github.com/php-stubs/wordpress-stubs",
            "keywords": [
                "PHPStan",
                "static analysis",
                "wordpress"
            ],
            "time": "2020-03-31T21:58:11+00:00"
        },
        {
            "name": "psr/log",
            "version": "1.1.3",
            "source": {
                "type": "git",
                "url": "https://github.com/php-fig/log.git",
                "reference": "0f73288fd15629204f9d42b7055f72dacbe811fc"
            },
            "dist": {
                "type": "zip",
                "url": "https://api.github.com/repos/php-fig/log/zipball/0f73288fd15629204f9d42b7055f72dacbe811fc",
                "reference": "0f73288fd15629204f9d42b7055f72dacbe811fc",
                "shasum": ""
            },
            "require": {
                "php": ">=5.3.0"
            },
            "type": "library",
            "extra": {
                "branch-alias": {
                    "dev-master": "1.1.x-dev"
                }
            },
            "autoload": {
                "psr-4": {
                    "Psr\\Log\\": "Psr/Log/"
                }
            },
            "notification-url": "https://packagist.org/downloads/",
            "license": [
                "MIT"
            ],
            "authors": [
                {
                    "name": "PHP-FIG",
                    "homepage": "http://www.php-fig.org/"
                }
            ],
            "description": "Common interface for logging libraries",
            "homepage": "https://github.com/php-fig/log",
            "keywords": [
                "log",
                "psr",
                "psr-3"
            ],
            "time": "2020-03-23T09:12:05+00:00"
        }
    ],
    "aliases": [],
    "minimum-stability": "stable",
    "stability-flags": [],
    "prefer-stable": false,
    "prefer-lowest": false,
    "platform": {
        "php": ">=7"
    },
    "platform-dev": []
}
